
Microsoft Visual Studio Solution File, Format Version 12.00
# Visual Studio 15
VisualStudioVersion = 15.0.27130.2024
MinimumVisualStudioVersion = 10.0.40219.1
Project("{FAE04EC0-301F-11D3-BF4B-00C04F79EFBC}") = "DewXamarinLocalization", "DewXamarinLocalization\DewXamarinLocalization.csproj", "{0F21CE90-40C1-46DB-965B-B2E16F4128AE}"
EndProject
Global
	GlobalSection(SolutionConfigurationPlatforms) = preSolution
		Debug|Any CPU = Debug|Any CPU
		Release|Any CPU = Release|Any CPU
	EndGlobalSection
	GlobalSection(ProjectConfigurationPlatforms) = postSolution
		{0F21CE90-40C1-46DB-965B-B2E16F4128AE}.Debug|Any CPU.ActiveCfg = Debug|Any CPU
		{0F21CE90-40C1-46DB-965B-B2E16F4128AE}.Debug|Any CPU.Build.0 = Debug|Any CPU
		{0F21CE90-40C1-46DB-965B-B2E16F4128AE}.Release|Any CPU.ActiveCfg = Release|Any CPU
		{0F21CE90-40C1-46DB-965B-B2E16F4128AE}.Release|Any CPU.Build.0 = Release|Any CPU
	EndGlobalSection
	GlobalSection(SolutionProperties) = preSolution
		HideSolutionNode = FALSE
	EndGlobalSection
	GlobalSection(ExtensibilityGlobals) = postSolution
		SolutionGuid = {A459C4A1-51A5-4AA2-B7E6-643082104AE1}
	EndGlobalSection
EndGlobal
